
Microsoft Visual Studio Solution File, Format Version 12.00
# Visual Studio 15
Project("{FAE04EC0-301F-11D3-BF4B-00C04F79EFBC}") = "Assembly-CSharp", "Assembly-CSharp.csproj", "{EFD6CD27-7C1C-7C69-854E-257A053335E0}"
EndProject
Project("{FAE04EC0-301F-11D3-BF4B-00C04F79EFBC}") = "Assembly-CSharp-firstpass", "Assembly-CSharp-firstpass.csproj", "{C43E7B67-A924-84D7-654F-FD71A0206F5E}"
EndProject
Global
	GlobalSection(SolutionConfigurationPlatforms) = preSolution
		Debug|Any CPU = Debug|Any CPU
		Release|Any CPU = Release|Any CPU
	EndGlobalSection
	GlobalSection(ProjectConfigurationPlatforms) = postSolution
		{EFD6CD27-7C1C-7C69-854E-257A053335E0}.Debug|Any CPU.ActiveCfg = Debug|Any CPU
		{EFD6CD27-7C1C-7C69-854E-257A053335E0}.Debug|Any CPU.Build.0 = Debug|Any CPU
		{EFD6CD27-7C1C-7C69-854E-257A053335E0}.Release|Any CPU.ActiveCfg = Release|Any CPU
		{EFD6CD27-7C1C-7C69-854E-257A053335E0}.Release|Any CPU.Build.0 = Release|Any CPU
		{C43E7B67-A924-84D7-654F-FD71A0206F5E}.Debug|Any CPU.ActiveCfg = Debug|Any CPU
		{C43E7B67-A924-84D7-654F-FD71A0206F5E}.Debug|Any CPU.Build.0 = Debug|Any CPU
		{C43E7B67-A924-84D7-654F-FD71A0206F5E}.Release|Any CPU.ActiveCfg = Release|Any CPU
		{C43E7B67-A924-84D7-654F-FD71A0206F5E}.Release|Any CPU.Build.0 = Release|Any CPU
	EndGlobalSection
	GlobalSection(SolutionProperties) = preSolution
		HideSolutionNode = FALSE
	EndGlobalSection
EndGlobal
